Microsoft Visual Studio Solution File, Format Version 12.00
# Visual Studio Version 17
VisualStudioVersion = 17.5.2.0
MinimumVisualStudioVersion = 10.0.40219.1
Project("{2150E333-8FDC-42A3-9474-1A3956D46DE8}") = "assignment2", "assignment2", "{B4CA696D-1B8C-AA3D-BB4F-77D4C32AAB34}"
EndProject
Project("{2150E333-8FDC-42A3-9474-1A3956D46DE8}") = "src", "src", "{9DC40BF1-1BEC-3BB4-4EB2-890A78C793DF}"
EndProject
Project("{FAE04EC0-301F-11D3-BF4B-00C04F79EFBC}") = "assignment2", "assignment2\src\assignment2\assignment2.csproj", "{B6A3E0FA-34B4-6F80-FA7C-8BD9B79DC415}"
EndProject
Global
	GlobalSection(SolutionConfigurationPlatforms) = preSolution
		Debug|Any CPU = Debug|Any CPU
		Release|Any CPU = Release|Any CPU
	EndGlobalSection
	GlobalSection(ProjectConfigurationPlatforms) = postSolution
		{B6A3E0FA-34B4-6F80-FA7C-8BD9B79DC415}.Debug|Any CPU.ActiveCfg = Debug|Any CPU
		{B6A3E0FA-34B4-6F80-FA7C-8BD9B79DC415}.Debug|Any CPU.Build.0 = Debug|Any CPU
		{B6A3E0FA-34B4-6F80-FA7C-8BD9B79DC415}.Release|Any CPU.ActiveCfg = Release|Any CPU
		{B6A3E0FA-34B4-6F80-FA7C-8BD9B79DC415}.Release|Any CPU.Build.0 = Release|Any CPU
	EndGlobalSection
	GlobalSection(SolutionProperties) = preSolution
		HideSolutionNode = FALSE
	EndGlobalSection
	GlobalSection(NestedProjects) = preSolution
		{9DC40BF1-1BEC-3BB4-4EB2-890A78C793DF} = {B4CA696D-1B8C-AA3D-BB4F-77D4C32AAB34}
		{B6A3E0FA-34B4-6F80-FA7C-8BD9B79DC415} = {9DC40BF1-1BEC-3BB4-4EB2-890A78C793DF}
	EndGlobalSection
	GlobalSection(ExtensibilityGlobals) = postSolution
		SolutionGuid = {7CDBB7BC-5685-4A73-8741-E12F82FE58D2}
	EndGlobalSection
EndGlobal
